{
  "name": "portfolio1",
  "lockfileVersion": 3,
  "requires": true,
  "packages": {
    "": {
      "dependencies": {
        "clsx": "^2.1.1",
        "framer-motion": "^13.3.0",
        "lucide-react": "^1.46.0",
        "tailwind-merge": "^3.7.0"
      }
    },
    "node_modules/clsx": {
      "version": "2.1.1",
      "resolved": "https://registry.npmjs.org/clsx/-/clsx-2.1.1.tgz",
      "integrity": "sha512-eYm0QWBtUrBWZWG0d386OGAw16Z995PiOVo2B7bjWSbHedGl5e0ZWaq65kOGgUSNesEIDkB9ISbTg/JK9dhCZA==",
      "license": "MIT",
      "engines": {
        "node": ">=6"
      }
    },
    "node_modules/framer-motion": {
      "version": "13.3.0",
      "resolved": "https://registry.npmjs.org/framer-motion/-/framer-motion-13.3.0.tgz",
      "integrity": "sha512-nry9figMPgd/7tTy9zzGRsD+kJ9tjZ74sKJ3jFBa7j6DTBIM04T6eBgneFLXCB0151wychIxsiojPlcG4JxeoA==",
      "license": "MIT",
      "dependencies": {
        "motion-dom": "^13.3.0",
        "motion-utils": "^13.3.0",
        "tslib": "^2.4.0"
      },
      "peerDependencies": {
        "react": "^18.0.0 || ^19.0.0",
        "react-dom": "^18.0.0 || ^19.0.0"
      },
      "peerDependenciesMeta": {
        "react": {
          "optional": true
        },
        "react-dom": {
          "optional": true
        }
      }
    },
    "node_modules/lucide-react": {
      "version": "1.46.0",
      "resolved": "https://registry.npmjs.org/lucide-react/-/lucide-react-1.46.0.tgz",
      "integrity": "sha512-Bv+FZXgZPrxc/NCl1e7JJVQFLdiCxYgxNVhqoV7X0p6I8ADJo8DxBnK1auH0fZz4AmqOJ3jgneL4f1i8LJQRAA==",
      "license": "ISC",
      "peerDependencies": {
        "react": "^16.5.1 || ^17.0.0 || ^18.0.0 || ^19.0.0"
      }
    },
    "node_modules/motion-dom": {
      "version": "13.3.0",
      "resolved": "https://registry.npmjs.org/motion-dom/-/motion-dom-13.3.0.tgz",
      "integrity": "sha512-AmAnB6pHdZ1vHGzWzuzteG6Q3j1lHKeX/lbST6jGlgm0cjvLUgaCk1xhOuPMOy5SgovN6wnnUdwFrkcsus7Ftg==",
      "license": "MIT",
      "dependencies": {
        "motion-utils": "^13.3.0"
      }
    },
    "node_modules/motion-utils": {
      "version": "13.3.0",
      "resolved": "https://registry.npmjs.org/motion-utils/-/motion-utils-13.3.0.tgz",
      "integrity": "sha512-sgSschQp7EseHInIlR7hBbMuvet3RA0bs28KPZAXJcGKGdxHGvh1ogpYDilY3bOMtl73EqPNmp75sAKHYPU5sg==",
      "license": "MIT"
    },
    "node_modules/react": {
      "version": "19.3.0",
      "resolved": "https://registry.npmjs.org/react/-/react-19.3.0.tgz",
      "integrity": "sha512-E8LUcbtBWt20bbl2YoHfx4ZDBdxVTfOKtCZn9cDSJ4l6/nuoApcpIBcj47t2wZoVX8g2ZHuMHbiShgCR1T5Sog==",
      "license": "MIT",
      "peer": true,
      "engines": {
        "node": ">=0.10.0"
      }
    },
    "node_modules/tailwind-merge": {
      "version": "3.7.0",
      "resolved": "https://registry.npmjs.org/tailwind-merge/-/tailwind-merge-3.7.0.tgz",
      "integrity": "sha512-XPPUyAc+cvspz3lHTcR/QgPfW2A0lv/xQNIjX3HGhLR+Nq2lHaLq5MtTesHn8GUr3W3DguT2KT5x3NVgRtYwmA==",
      "license": "MIT",
      "funding": {
        "type": "github",
        "url": "https://github.com/sponsors/dcastil"
      }
    },
    "node_modules/tslib": {
      "version": "2.8.1",
      "resolved": "https://registry.npmjs.org/tslib/-/tslib-2.8.1.tgz",
      "integrity": "sha512-oJFu94HQb+KVduSUQL7wnpmqnfmLsOA/nAh6b6EH0wCEoK0/mPeXU6c3wKDV83MkOuHPRHtSXKKU99IBazS/2w==",
      "license": "0BSD"
    }
  }
}
